<?xml version="1.0" encoding="utf-8"?>
<Project ToolsVersion="4.0" xmlns="http://schemas.microsoft.com/developer/msbuild/2003">
  <ItemGroup>
    <Filter Include="源文件">
      <UniqueIdentifier>{4FC737F1-C7A5-4376-A066-2A32D752A2FF}</UniqueIdentifier>
      <Extensions>cpp;c;cc;cxx;def;odl;idl;hpj;bat;asm;asmx</Extensions>
    </Filter>
    <Filter Include="头文件">
      <UniqueIdentifier>{93995380-89BD-4b04-88EB-625FBE52EBFB}</UniqueIdentifier>
      <Extensions>h;hh;hpp;hxx;hm;inl;inc;xsd</Extensions>
    </Filter>
    <Filter Include="资源文件">
      <UniqueIdentifier>{67DA6AB6-F800-4c08-8B7A-83BB121AAD01}</UniqueIdentifier>
      <Extensions>rc;ico;cur;bmp;dlg;rc2;rct;bin;rgs;gif;jpg;jpeg;jpe;resx;tiff;tif;png;wav;mfcribbon-ms</Extensions>
    </Filter>
    <Filter Include="hgz">
      <UniqueIdentifier>{cdaac97d-3114-4500-8908-f897e205668f}</UniqueIdentifier>
    </Filter>
    <Filter Include="ChartCtrl">
      <UniqueIdentifier>{7302dcef-037e-4cd1-b8be-5e52d168f1c1}</UniqueIdentifier>
    </Filter>
  </ItemGroup>
  <ItemGroup>
    <Text Include="ReadMe.txt" />
  </ItemGroup>
  <ItemGroup>
    <ClInclude Include="FortuneIt.h">
      <Filter>头文件</Filter>
    </ClInclude>
    <ClInclude Include="stdafx.h">
      <Filter>头文件</Filter>
    </ClInclude>
    <ClInclude Include="targetver.h">
      <Filter>头文件</Filter>
    </ClInclude>
    <ClInclude Include="MainFrm.h">
      <Filter>头文件</Filter>
    </ClInclude>
    <ClInclude Include="ChildFrm.h">
      <Filter>头文件</Filter>
    </ClInclude>
    <ClInclude Include="FortuneItDoc.h">
      <Filter>头文件</Filter>
    </ClInclude>
    <ClInclude Include="FortuneItView.h">
      <Filter>头文件</Filter>
    </ClInclude>
    <ClInclude Include="Resource.h">
      <Filter>头文件</Filter>
    </ClInclude>
    <ClInclude Include="FileView.h">
      <Filter>头文件</Filter>
    </ClInclude>
    <ClInclude Include="ClassView.h">
      <Filter>头文件</Filter>
    </ClInclude>
    <ClInclude Include="ViewTree.h">
      <Filter>头文件</Filter>
    </ClInclude>
    <ClInclude Include="OutputWnd.h">
      <Filter>头文件</Filter>
    </ClInclude>
    <ClInclude Include="PropertiesWnd.h">
      <Filter>头文件</Filter>
    </ClInclude>
    <ClInclude Include="FoxFmlDevelope\FoxFunc.h">
      <Filter>头文件</Filter>
    </ClInclude>
    <ClInclude Include="HgzStk.h">
      <Filter>头文件</Filter>
    </ClInclude>
    <ClInclude Include="hgz\HexFile.h">
      <Filter>hgz</Filter>
    </ClInclude>
    <ClInclude Include="hgz\hgz.h">
      <Filter>hgz</Filter>
    </ClInclude>
    <ClInclude Include="hgz\HgzComboBox.h">
      <Filter>hgz</Filter>
    </ClInclude>
    <ClInclude Include="hgz\HgzFormatTransformer.h">
      <Filter>hgz</Filter>
    </ClInclude>
    <ClInclude Include="hgz\HgzListCtrl.h">
      <Filter>hgz</Filter>
    </ClInclude>
    <ClInclude Include="hgz\HgzString.h">
      <Filter>hgz</Filter>
    </ClInclude>
    <ClInclude Include="FinancialTimeSeries.h">
      <Filter>头文件</Filter>
    </ClInclude>
    <ClInclude Include="StkSet.h">
      <Filter>头文件</Filter>
    </ClInclude>
    <ClInclude Include="TimePair.h">
      <Filter>头文件</Filter>
    </ClInclude>
    <ClInclude Include="ftsplit.h">
      <Filter>头文件</Filter>
    </ClInclude>
    <ClInclude Include="stock_core_types.h">
      <Filter>头文件</Filter>
    </ClInclude>
    <ClInclude Include="DlgStock.h">
      <Filter>头文件</Filter>
    </ClInclude>
    <ClInclude Include="exsources\HighSpeedChartingControl\ChartCtrl_source\ChartAxis.h">
      <Filter>ChartCtrl</Filter>
    </ClInclude>
    <ClInclude Include="exsources\HighSpeedChartingControl\ChartCtrl_source\ChartAxisLabel.h">
      <Filter>ChartCtrl</Filter>
    </ClInclude>
    <ClInclude Include="exsources\HighSpeedChartingControl\ChartCtrl_source\ChartBalloonLabel.h">
      <Filter>ChartCtrl</Filter>
    </ClInclude>
    <ClInclude Include="exsources\HighSpeedChartingControl\ChartCtrl_source\ChartBarSerie.h">
      <Filter>ChartCtrl</Filter>
    </ClInclude>
    <ClInclude Include="exsources\HighSpeedChartingControl\ChartCtrl_source\ChartCandlestickSerie.h">
      <Filter>ChartCtrl</Filter>
    </ClInclude>
    <ClInclude Include="exsources\HighSpeedChartingControl\ChartCtrl_source\ChartCrossHairCursor.h">
      <Filter>ChartCtrl</Filter>
    </ClInclude>
    <ClInclude Include="exsources\HighSpeedChartingControl\ChartCtrl_source\ChartCtrl.h">
      <Filter>ChartCtrl</Filter>
    </ClInclude>
    <ClInclude Include="exsources\HighSpeedChartingControl\ChartCtrl_source\ChartCursor.h">
      <Filter>ChartCtrl</Filter>
    </ClInclude>
    <ClInclude Include="exsources\HighSpeedChartingControl\ChartCtrl_source\ChartDateTimeAxis.h">
      <Filter>ChartCtrl</Filter>
    </ClInclude>
    <ClInclude Include="exsources\HighSpeedChartingControl\ChartCtrl_source\ChartDragLineCursor.h">
      <Filter>ChartCtrl</Filter>
    </ClInclude>
    <ClInclude Include="exsources\HighSpeedChartingControl\ChartCtrl_source\ChartFont.h">
      <Filter>ChartCtrl</Filter>
    </ClInclude>
    <ClInclude Include="exsources\HighSpeedChartingControl\ChartCtrl_source\ChartGanttSerie.h">
      <Filter>ChartCtrl</Filter>
    </ClInclude>
    <ClInclude Include="exsources\HighSpeedChartingControl\ChartCtrl_source\ChartGradient.h">
      <Filter>ChartCtrl</Filter>
    </ClInclude>
    <ClInclude Include="exsources\HighSpeedChartingControl\ChartCtrl_source\ChartGrid.h">
      <Filter>ChartCtrl</Filter>
    </ClInclude>
    <ClInclude Include="exsources\HighSpeedChartingControl\ChartCtrl_source\ChartLabel.h">
      <Filter>ChartCtrl</Filter>
    </ClInclude>
    <ClInclude Include="exsources\HighSpeedChartingControl\ChartCtrl_source\ChartLegend.h">
      <Filter>ChartCtrl</Filter>
    </ClInclude>
    <ClInclude Include="exsources\HighSpeedChartingControl\ChartCtrl_source\ChartLineSerie.h">
      <Filter>ChartCtrl</Filter>
    </ClInclude>
    <ClInclude Include="exsources\HighSpeedChartingControl\ChartCtrl_source\ChartLogarithmicAxis.h">
      <Filter>ChartCtrl</Filter>
    </ClInclude>
    <ClInclude Include="exsources\HighSpeedChartingControl\ChartCtrl_source\ChartMouseListener.h">
      <Filter>ChartCtrl</Filter>
    </ClInclude>
    <ClInclude Include="exsources\HighSpeedChartingControl\ChartCtrl_source\ChartPointsArray.h">
      <Filter>ChartCtrl</Filter>
    </ClInclude>
    <ClInclude Include="exsources\HighSpeedChartingControl\ChartCtrl_source\ChartPointsSerie.h">
      <Filter>ChartCtrl</Filter>
    </ClInclude>
    <ClInclude Include="exsources\HighSpeedChartingControl\ChartCtrl_source\ChartScrollBar.h">
      <Filter>ChartCtrl</Filter>
    </ClInclude>
    <ClInclude Include="exsources\HighSpeedChartingControl\ChartCtrl_source\ChartSerie.h">
      <Filter>ChartCtrl</Filter>
    </ClInclude>
    <ClInclude Include="exsources\HighSpeedChartingControl\ChartCtrl_source\ChartSerieBase.h">
      <Filter>ChartCtrl</Filter>
    </ClInclude>
    <ClInclude Include="exsources\HighSpeedChartingControl\ChartCtrl_source\ChartSeriesMouseListener.h">
      <Filter>ChartCtrl</Filter>
    </ClInclude>
    <ClInclude Include="exsources\HighSpeedChartingControl\ChartCtrl_source\ChartStandardAxis.h">
      <Filter>ChartCtrl</Filter>
    </ClInclude>
    <ClInclude Include="exsources\HighSpeedChartingControl\ChartCtrl_source\ChartString.h">
      <Filter>ChartCtrl</Filter>
    </ClInclude>
    <ClInclude Include="exsources\HighSpeedChartingControl\ChartCtrl_source\ChartSurfaceSerie.h">
      <Filter>ChartCtrl</Filter>
    </ClInclude>
    <ClInclude Include="exsources\HighSpeedChartingControl\ChartCtrl_source\ChartTitle.h">
      <Filter>ChartCtrl</Filter>
    </ClInclude>
    <ClInclude Include="exsources\HighSpeedChartingControl\ChartCtrl_source\ChartXYSerie.h">
      <Filter>ChartCtrl</Filter>
    </ClInclude>
    <ClInclude Include="exsources\HighSpeedChartingControl\ChartCtrl_source\PointsOrdering.h">
      <Filter>ChartCtrl</Filter>
    </ClInclude>
    <ClInclude Include="exsources\HighSpeedChartingControl\ChartCtrl_source\ChartCtrlHeaders.h">
      <Filter>ChartCtrl</Filter>
    </ClInclude>
  </ItemGroup>
  <ItemGroup>
    <ClCompile Include="FortuneIt.cpp">
      <Filter>源文件</Filter>
    </ClCompile>
    <ClCompile Include="stdafx.cpp">
      <Filter>源文件</Filter>
    </ClCompile>
    <ClCompile Include="MainFrm.cpp">
      <Filter>源文件</Filter>
    </ClCompile>
    <ClCompile Include="ChildFrm.cpp">
      <Filter>源文件</Filter>
    </ClCompile>
    <ClCompile Include="FortuneItDoc.cpp">
      <Filter>源文件</Filter>
    </ClCompile>
    <ClCompile Include="FortuneItView.cpp">
      <Filter>源文件</Filter>
    </ClCompile>
    <ClCompile Include="FileView.cpp">
      <Filter>源文件</Filter>
    </ClCompile>
    <ClCompile Include="ClassView.cpp">
      <Filter>源文件</Filter>
    </ClCompile>
    <ClCompile Include="ViewTree.cpp">
      <Filter>源文件</Filter>
    </ClCompile>
    <ClCompile Include="OutputWnd.cpp">
      <Filter>源文件</Filter>
    </ClCompile>
    <ClCompile Include="PropertiesWnd.cpp">
      <Filter>源文件</Filter>
    </ClCompile>
    <ClCompile Include="FoxFmlDevelope\FoxFunc.cpp">
      <Filter>源文件</Filter>
    </ClCompile>
    <ClCompile Include="HgzStk.cpp">
      <Filter>源文件</Filter>
    </ClCompile>
    <ClCompile Include="hgz\HexFile.cpp">
      <Filter>hgz</Filter>
    </ClCompile>
    <ClCompile Include="hgz\hgz.cpp">
      <Filter>hgz</Filter>
    </ClCompile>
    <ClCompile Include="hgz\HgzComboBox.cpp">
      <Filter>hgz</Filter>
    </ClCompile>
    <ClCompile Include="hgz\HgzFormatTransformer.cpp">
      <Filter>hgz</Filter>
    </ClCompile>
    <ClCompile Include="hgz\HgzListCtrl.cpp">
      <Filter>hgz</Filter>
    </ClCompile>
    <ClCompile Include="hgz\HgzString.cpp">
      <Filter>hgz</Filter>
    </ClCompile>
    <ClCompile Include="FinancialTimeSeries.cpp">
      <Filter>源文件</Filter>
    </ClCompile>
    <ClCompile Include="StkSet.cpp">
      <Filter>源文件</Filter>
    </ClCompile>
    <ClCompile Include="TimePair.cpp">
      <Filter>源文件</Filter>
    </ClCompile>
    <ClCompile Include="ftsplit.cpp">
      <Filter>源文件</Filter>
    </ClCompile>
    <ClCompile Include="DlgStock.cpp">
      <Filter>源文件</Filter>
    </ClCompile>
    <ClCompile Include="stock_core_types.cpp">
      <Filter>源文件</Filter>
    </ClCompile>
    <ClCompile Include="exsources\HighSpeedChartingControl\ChartCtrl_source\ChartAxis.cpp">
      <Filter>ChartCtrl</Filter>
    </ClCompile>
    <ClCompile Include="exsources\HighSpeedChartingControl\ChartCtrl_source\ChartAxisLabel.cpp">
      <Filter>ChartCtrl</Filter>
    </ClCompile>
    <ClCompile Include="exsources\HighSpeedChartingControl\ChartCtrl_source\ChartBarSerie.cpp">
      <Filter>ChartCtrl</Filter>
    </ClCompile>
    <ClCompile Include="exsources\HighSpeedChartingControl\ChartCtrl_source\ChartCandlestickSerie.cpp">
      <Filter>ChartCtrl</Filter>
    </ClCompile>
    <ClCompile Include="exsources\HighSpeedChartingControl\ChartCtrl_source\ChartCrossHairCursor.cpp">
      <Filter>ChartCtrl</Filter>
    </ClCompile>
    <ClCompile Include="exsources\HighSpeedChartingControl\ChartCtrl_source\ChartCtrl.cpp">
      <Filter>ChartCtrl</Filter>
    </ClCompile>
    <ClCompile Include="exsources\HighSpeedChartingControl\ChartCtrl_source\ChartCursor.cpp">
      <Filter>ChartCtrl</Filter>
    </ClCompile>
    <ClCompile Include="exsources\HighSpeedChartingControl\ChartCtrl_source\ChartDateTimeAxis.cpp">
      <Filter>ChartCtrl</Filter>
    </ClCompile>
    <ClCompile Include="exsources\HighSpeedChartingControl\ChartCtrl_source\ChartDragLineCursor.cpp">
      <Filter>ChartCtrl</Filter>
    </ClCompile>
    <ClCompile Include="exsources\HighSpeedChartingControl\ChartCtrl_source\ChartFont.cpp">
      <Filter>ChartCtrl</Filter>
    </ClCompile>
    <ClCompile Include="exsources\HighSpeedChartingControl\ChartCtrl_source\ChartGanttSerie.cpp">
      <Filter>ChartCtrl</Filter>
    </ClCompile>
    <ClCompile Include="exsources\HighSpeedChartingControl\ChartCtrl_source\ChartGradient.cpp">
      <Filter>ChartCtrl</Filter>
    </ClCompile>
    <ClCompile Include="exsources\HighSpeedChartingControl\ChartCtrl_source\ChartGrid.cpp">
      <Filter>ChartCtrl</Filter>
    </ClCompile>
    <ClCompile Include="exsources\HighSpeedChartingControl\ChartCtrl_source\ChartLegend.cpp">
      <Filter>ChartCtrl</Filter>
    </ClCompile>
    <ClCompile Include="exsources\HighSpeedChartingControl\ChartCtrl_source\ChartLineSerie.cpp">
      <Filter>ChartCtrl</Filter>
    </ClCompile>
    <ClCompile Include="exsources\HighSpeedChartingControl\ChartCtrl_source\ChartLogarithmicAxis.cpp">
      <Filter>ChartCtrl</Filter>
    </ClCompile>
    <ClCompile Include="exsources\HighSpeedChartingControl\ChartCtrl_source\ChartPointsSerie.cpp">
      <Filter>ChartCtrl</Filter>
    </ClCompile>
    <ClCompile Include="exsources\HighSpeedChartingControl\ChartCtrl_source\ChartScrollBar.cpp">
      <Filter>ChartCtrl</Filter>
    </ClCompile>
    <ClCompile Include="exsources\HighSpeedChartingControl\ChartCtrl_source\ChartSerie.cpp">
      <Filter>ChartCtrl</Filter>
    </ClCompile>
    <ClCompile Include="exsources\HighSpeedChartingControl\ChartCtrl_source\ChartStandardAxis.cpp">
      <Filter>ChartCtrl</Filter>
    </ClCompile>
    <ClCompile Include="exsources\HighSpeedChartingControl\ChartCtrl_source\ChartSurfaceSerie.cpp">
      <Filter>ChartCtrl</Filter>
    </ClCompile>
    <ClCompile Include="exsources\HighSpeedChartingControl\ChartCtrl_source\ChartTitle.cpp">
      <Filter>ChartCtrl</Filter>
    </ClCompile>
    <ClCompile Include="exsources\HighSpeedChartingControl\ChartCtrl_source\ChartXYSerie.cpp">
      <Filter>ChartCtrl</Filter>
    </ClCompile>
  </ItemGroup>
  <ItemGroup>
    <Midl Include="FortuneIt.idl">
      <Filter>源文件</Filter>
    </Midl>
  </ItemGroup>
  <ItemGroup>
    <None Include="FortuneIt.reg" />
    <None Include="res\FortuneIt.rc2">
      <Filter>资源文件</Filter>
    </None>
    <None Include="exsources\HighSpeedChartingControl\ChartCtrl_source\ChartBalloonLabel.inl">
      <Filter>ChartCtrl</Filter>
    </None>
    <None Include="exsources\HighSpeedChartingControl\ChartCtrl_source\ChartLabel.inl">
      <Filter>ChartCtrl</Filter>
    </None>
    <None Include="exsources\HighSpeedChartingControl\ChartCtrl_source\ChartPointsArray.inl">
      <Filter>ChartCtrl</Filter>
    </None>
    <None Include="exsources\HighSpeedChartingControl\ChartCtrl_source\ChartSerieBase.inl">
      <Filter>ChartCtrl</Filter>
    </None>
  </ItemGroup>
  <ItemGroup>
    <ResourceCompile Include="FortuneIt.rc">
      <Filter>资源文件</Filter>
    </ResourceCompile>
  </ItemGroup>
  <ItemGroup>
    <Image Include="res\file_view.ico">
      <Filter>资源文件</Filter>
    </Image>
    <Image Include="res\file_view_hc.ico">
      <Filter>资源文件</Filter>
    </Image>
    <Image Include="res\class_view.ico">
      <Filter>资源文件</Filter>
    </Image>
    <Image Include="res\class_view_hc.ico">
      <Filter>资源文件</Filter>
    </Image>
    <Image Include="res\fileview.bmp">
      <Filter>资源文件</Filter>
    </Image>
    <Image Include="res\fileview_hc.bmp">
      <Filter>资源文件</Filter>
    </Image>
    <Image Include="res\classview.bmp">
      <Filter>资源文件</Filter>
    </Image>
    <Image Include="res\classview_hc.bmp">
      <Filter>资源文件</Filter>
    </Image>
    <Image Include="res\explorer.bmp">
      <Filter>资源文件</Filter>
    </Image>
    <Image Include="res\explorer_hc.bmp">
      <Filter>资源文件</Filter>
    </Image>
    <Image Include="res\sort.bmp">
      <Filter>资源文件</Filter>
    </Image>
    <Image Include="res\sort_hc.bmp">
      <Filter>资源文件</Filter>
    </Image>
    <Image Include="res\menuimages.bmp">
      <Filter>资源文件</Filter>
    </Image>
    <Image Include="res\menuimages_hc.bmp">
      <Filter>资源文件</Filter>
    </Image>
    <Image Include="res\output_wnd.ico">
      <Filter>资源文件</Filter>
    </Image>
    <Image Include="res\output_wnd_hc.ico">
      <Filter>资源文件</Filter>
    </Image>
    <Image Include="res\properties_wnd.ico">
      <Filter>资源文件</Filter>
    </Image>
    <Image Include="res\properties_wnd_hc.ico">
      <Filter>资源文件</Filter>
    </Image>
    <Image Include="res\properties.bmp">
      <Filter>资源文件</Filter>
    </Image>
    <Image Include="res\properties_hc.bmp">
      <Filter>资源文件</Filter>
    </Image>
    <Image Include="UserImages.bmp">
      <Filter>资源文件</Filter>
    </Image>
    <Image Include="res\FortuneItDoc.ico">
      <Filter>资源文件</Filter>
    </Image>
    <Image Include="res\FortuneIt.ico">
      <Filter>资源文件</Filter>
    </Image>
    <Image Include="res\Toolbar.bmp">
      <Filter>资源文件</Filter>
    </Image>
    <Image Include="res\Toolbar256.bmp">
      <Filter>资源文件</Filter>
    </Image>
  </ItemGroup>
</Project>